
Microsoft Visual Studio Solution File, Format Version 12.00
# Visual Studio 15
VisualStudioVersion = 15.0.27130.2036
MinimumVisualStudioVersion = 10.0.40219.1
Project("{FAE04EC0-301F-11D3-BF4B-00C04F79EFBC}") = "Chipotle", "Chipotle\Chipotle.csproj", "{53679E90-EBEE-4033-A0BA-864BCD34D671}"
EndProject
Global
	GlobalSection(SolutionConfigurationPlatforms) = preSolution
		Debug|Any CPU = Debug|Any CPU
		Release|Any CPU = Release|Any CPU
	EndGlobalSection
	GlobalSection(ProjectConfigurationPlatforms) = postSolution
		{53679E90-EBEE-4033-A0BA-864BCD34D671}.Debug|Any CPU.ActiveCfg = Debug|Any CPU
		{53679E90-EBEE-4033-A0BA-864BCD34D671}.Debug|Any CPU.Build.0 = Debug|Any CPU
		{53679E90-EBEE-4033-A0BA-864BCD34D671}.Release|Any CPU.ActiveCfg = Release|Any CPU
		{53679E90-EBEE-4033-A0BA-864BCD34D671}.Release|Any CPU.Build.0 = Release|Any CPU
	EndGlobalSection
	GlobalSection(SolutionProperties) = preSolution
		HideSolutionNode = FALSE
	EndGlobalSection
	GlobalSection(ExtensibilityGlobals) = postSolution
		SolutionGuid = {ABBD2A52-CC32-4E9A-807E-DBD682160A50}
	EndGlobalSection
EndGlobal
